
Microsoft Visual Studio Solution File, Format Version 12.00
# Visual Studio Version 17
VisualStudioVersion = 17.0.31903.59
MinimumVisualStudioVersion = 10.0.40219.1
Project("{9A19103F-16F7-4668-BE54-9A1E7A4F7556}") = "AkyildizYonetim.Domain", "AkyildizYonetim.Domain\AkyildizYonetim.Domain.csproj", "{60E4D458-96DC-44D2-A600-E511CEB94F26}"
EndProject
Project("{9A19103F-16F7-4668-BE54-9A1E7A4F7556}") = "AkyildizYonetim.Application", "AkyildizYonetim.Application\AkyildizYonetim.Application.csproj", "{854EFF38-C781-44DA-BFD5-9BBFE255FD49}"
EndProject
Project("{9A19103F-16F7-4668-BE54-9A1E7A4F7556}") = "AkyildizYonetim.Infrastructure", "AkyildizYonetim.Infrastructure\AkyildizYonetim.Infrastructure.csproj", "{F7B18B7D-C7EF-4C5A-A1A1-387677C5A183}"
EndProject
Project("{9A19103F-16F7-4668-BE54-9A1E7A4F7556}") = "AkyildizYonetim.API", "AkyildizYonetim.API\AkyildizYonetim.API.csproj", "{9CE63531-67EC-4A97-B823-5A296C4E12E4}"
EndProject
Project("{9A19103F-16F7-4668-BE54-9A1E7A4F7556}") = "AkyildizYonetim.Tests", "AkyildizYonetim.Tests\AkyildizYonetim.Tests.csproj", "{93340781-658F-4B65-B1F5-B3DF4C164464}"
EndProject
Global
	GlobalSection(SolutionConfigurationPlatforms) = preSolution
		Debug|Any CPU = Debug|Any CPU
		Release|Any CPU = Release|Any CPU
	EndGlobalSection
	GlobalSection(ProjectConfigurationPlatforms) = postSolution
		{60E4D458-96DC-44D2-A600-E511CEB94F26}.Debug|Any CPU.ActiveCfg = Debug|Any CPU
		{60E4D458-96DC-44D2-A600-E511CEB94F26}.Debug|Any CPU.Build.0 = Debug|Any CPU
		{60E4D458-96DC-44D2-A600-E511CEB94F26}.Release|Any CPU.ActiveCfg = Release|Any CPU
		{60E4D458-96DC-44D2-A600-E511CEB94F26}.Release|Any CPU.Build.0 = Release|Any CPU
		{854EFF38-C781-44DA-BFD5-9BBFE255FD49}.Debug|Any CPU.ActiveCfg = Debug|Any CPU
		{854EFF38-C781-44DA-BFD5-9BBFE255FD49}.Debug|Any CPU.Build.0 = Debug|Any CPU
		{854EFF38-C781-44DA-BFD5-9BBFE255FD49}.Release|Any CPU.ActiveCfg = Release|Any CPU
		{854EFF38-C781-44DA-BFD5-9BBFE255FD49}.Release|Any CPU.Build.0 = Release|Any CPU
		{F7B18B7D-C7EF-4C5A-A1A1-387677C5A183}.Debug|Any CPU.ActiveCfg = Debug|Any CPU
		{F7B18B7D-C7EF-4C5A-A1A1-387677C5A183}.Debug|Any CPU.Build.0 = Debug|Any CPU
		{F7B18B7D-C7EF-4C5A-A1A1-387677C5A183}.Release|Any CPU.ActiveCfg = Release|Any CPU
		{F7B18B7D-C7EF-4C5A-A1A1-387677C5A183}.Release|Any CPU.Build.0 = Release|Any CPU
		{9CE63531-67EC-4A97-B823-5A296C4E12E4}.Debug|Any CPU.ActiveCfg = Debug|Any CPU
		{9CE63531-67EC-4A97-B823-5A296C4E12E4}.Debug|Any CPU.Build.0 = Debug|Any CPU
		{9CE63531-67EC-4A97-B823-5A296C4E12E4}.Release|Any CPU.ActiveCfg = Release|Any CPU
		{9CE63531-67EC-4A97-B823-5A296C4E12E4}.Release|Any CPU.Build.0 = Release|Any CPU
		{93340781-658F-4B65-B1F5-B3DF4C164464}.Debug|Any CPU.ActiveCfg = Debug|Any CPU
		{93340781-658F-4B65-B1F5-B3DF4C164464}.Debug|Any CPU.Build.0 = Debug|Any CPU
		{93340781-658F-4B65-B1F5-B3DF4C164464}.Release|Any CPU.ActiveCfg = Release|Any CPU
		{93340781-658F-4B65-B1F5-B3DF4C164464}.Release|Any CPU.Build.0 = Release|Any CPU
	EndGlobalSection
	GlobalSection(SolutionProperties) = preSolution
		HideSolutionNode = FALSE
	EndGlobalSection
	GlobalSection(ExtensibilityGlobals) = postSolution
		SolutionGuid = {EDA71441-5FEA-4093-8CDE-4A283FC507C1}
	EndGlobalSection
EndGlobal
